
Microsoft Visual Studio Solution File, Format Version 12.00
# Visual Studio 15
VisualStudioVersion = 15.0.27130.2010
MinimumVisualStudioVersion = 10.0.40219.1
Project("{9A19103F-16F7-4668-BE54-9A1E7A4F7556}") = "Faez.BudgetAssistant.Core", "Faez.BudgetAssistant.Core\Faez.BudgetAssistant.Core.csproj", "{6175F7A2-359F-4D7B-848B-742DFED6D717}"
EndProject
Project("{2150E333-8FDC-42A3-9474-1A3956D46DE8}") = "00 - Core", "00 - Core", "{57F29859-2576-44D5-956E-EDE66AF1C6B3}"
EndProject
Project("{2150E333-8FDC-42A3-9474-1A3956D46DE8}") = "02 - Tests", "02 - Tests", "{766C22F1-09B9-47C9-82F9-2BE2203651DE}"
EndProject
Project("{9A19103F-16F7-4668-BE54-9A1E7A4F7556}") = "Faez.BudgetAssistant.Core.UnitTests", "Faez.BudgetAssistant.Core.UnitTests\Faez.BudgetAssistant.Core.UnitTests.csproj", "{D8B4B776-B841-4B94-85B1-D3AF7282701C}"
EndProject
Project("{2150E333-8FDC-42A3-9474-1A3956D46DE8}") = "01 - Modules", "01 - Modules", "{B1DF8F76-FD44-4481-8475-068ADC3F1E37}"
EndProject
Project("{FAE04EC0-301F-11D3-BF4B-00C04F79EFBC}") = "Faez.BudgetAssistant.Transferwise", "Faez.BudgetAssistant.Transferwise\Faez.BudgetAssistant.Transferwise.csproj", "{0B0111AD-C510-4DF0-9B87-1360AC2257F8}"
EndProject
Project("{FAE04EC0-301F-11D3-BF4B-00C04F79EFBC}") = "Faez.BudgetAssistant.Transferwise.UnitTests", "Faez.BudgetAssistant.Transferwise.UnitTests\Faez.BudgetAssistant.Transferwise.UnitTests.csproj", "{2FFCFBE0-5638-4DCA-A8CF-0EC3F186EFA4}"
EndProject
Global
	GlobalSection(SolutionConfigurationPlatforms) = preSolution
		Debug|Any CPU = Debug|Any CPU
		Release|Any CPU = Release|Any CPU
	EndGlobalSection
	GlobalSection(ProjectConfigurationPlatforms) = postSolution
		{6175F7A2-359F-4D7B-848B-742DFED6D717}.Debug|Any CPU.ActiveCfg = Debug|Any CPU
		{6175F7A2-359F-4D7B-848B-742DFED6D717}.Debug|Any CPU.Build.0 = Debug|Any CPU
		{6175F7A2-359F-4D7B-848B-742DFED6D717}.Release|Any CPU.ActiveCfg = Release|Any CPU
		{6175F7A2-359F-4D7B-848B-742DFED6D717}.Release|Any CPU.Build.0 = Release|Any CPU
		{D8B4B776-B841-4B94-85B1-D3AF7282701C}.Debug|Any CPU.ActiveCfg = Debug|Any CPU
		{D8B4B776-B841-4B94-85B1-D3AF7282701C}.Debug|Any CPU.Build.0 = Debug|Any CPU
		{D8B4B776-B841-4B94-85B1-D3AF7282701C}.Release|Any CPU.ActiveCfg = Release|Any CPU
		{D8B4B776-B841-4B94-85B1-D3AF7282701C}.Release|Any CPU.Build.0 = Release|Any CPU
		{0B0111AD-C510-4DF0-9B87-1360AC2257F8}.Debug|Any CPU.ActiveCfg = Debug|Any CPU
		{0B0111AD-C510-4DF0-9B87-1360AC2257F8}.Debug|Any CPU.Build.0 = Debug|Any CPU
		{0B0111AD-C510-4DF0-9B87-1360AC2257F8}.Release|Any CPU.ActiveCfg = Release|Any CPU
		{0B0111AD-C510-4DF0-9B87-1360AC2257F8}.Release|Any CPU.Build.0 = Release|Any CPU
		{2FFCFBE0-5638-4DCA-A8CF-0EC3F186EFA4}.Debug|Any CPU.ActiveCfg = Debug|Any CPU
		{2FFCFBE0-5638-4DCA-A8CF-0EC3F186EFA4}.Debug|Any CPU.Build.0 = Debug|Any CPU
		{2FFCFBE0-5638-4DCA-A8CF-0EC3F186EFA4}.Release|Any CPU.ActiveCfg = Release|Any CPU
		{2FFCFBE0-5638-4DCA-A8CF-0EC3F186EFA4}.Release|Any CPU.Build.0 = Release|Any CPU
	EndGlobalSection
	GlobalSection(SolutionProperties) = preSolution
		HideSolutionNode = FALSE
	EndGlobalSection
	GlobalSection(NestedProjects) = preSolution
		{6175F7A2-359F-4D7B-848B-742DFED6D717} = {57F29859-2576-44D5-956E-EDE66AF1C6B3}
		{D8B4B776-B841-4B94-85B1-D3AF7282701C} = {766C22F1-09B9-47C9-82F9-2BE2203651DE}
		{0B0111AD-C510-4DF0-9B87-1360AC2257F8} = {B1DF8F76-FD44-4481-8475-068ADC3F1E37}
		{2FFCFBE0-5638-4DCA-A8CF-0EC3F186EFA4} = {766C22F1-09B9-47C9-82F9-2BE2203651DE}
	EndGlobalSection
	GlobalSection(ExtensibilityGlobals) = postSolution
		SolutionGuid = {6BCD8660-04E6-48C1-9F48-564A47ED62E8}
	EndGlobalSection
EndGlobal
